
Microsoft Visual Studio Solution File, Format Version 12.00
# Visual Studio Version 17
VisualStudioVersion = 17.7.34202.233
MinimumVisualStudioVersion = 10.0.40219.1
Project("{8BC9CEB8-8B4A-11D0-8D11-00A0C91BC942}") = "Pogra_avanzada_farmacia", "Pogra_avanzada_farmacia\Pogra_avanzada_farmacia.vcxproj", "{74B788A1-CC5D-4920-B0B9-2B1A3D7F6B99}"
EndProject
Global
	GlobalSection(SolutionConfigurationPlatforms) = preSolution
		Debug|x64 = Debug|x64
		Debug|x86 = Debug|x86
		Release|x64 = Release|x64
		Release|x86 = Release|x86
	EndGlobalSection
	GlobalSection(ProjectConfigurationPlatforms) = postSolution
		{74B788A1-CC5D-4920-B0B9-2B1A3D7F6B99}.Debug|x64.ActiveCfg = Debug|x64
		{74B788A1-CC5D-4920-B0B9-2B1A3D7F6B99}.Debug|x64.Build.0 = Debug|x64
		{74B788A1-CC5D-4920-B0B9-2B1A3D7F6B99}.Debug|x86.ActiveCfg = Debug|Win32
		{74B788A1-CC5D-4920-B0B9-2B1A3D7F6B99}.Debug|x86.Build.0 = Debug|Win32
		{74B788A1-CC5D-4920-B0B9-2B1A3D7F6B99}.Release|x64.ActiveCfg = Release|x64
		{74B788A1-CC5D-4920-B0B9-2B1A3D7F6B99}.Release|x64.Build.0 = Release|x64
		{74B788A1-CC5D-4920-B0B9-2B1A3D7F6B99}.Release|x86.ActiveCfg = Release|Win32
		{74B788A1-CC5D-4920-B0B9-2B1A3D7F6B99}.Release|x86.Build.0 = Release|Win32
	EndGlobalSection
	GlobalSection(SolutionProperties) = preSolution
		HideSolutionNode = FALSE
	EndGlobalSection
	GlobalSection(ExtensibilityGlobals) = postSolution
		SolutionGuid = {40DC118B-BB13-44B5-8CEF-1B9927C9CF9A}
	EndGlobalSection
EndGlobal
